{
    "_readme": [
        "This file locks the dependencies of your project to a known state",
        "Read more about it at https://getcomposer.org/doc/01-basic-usage.md#installing-dependencies",
        "This file is @generated automatically"
    ],
    "content-hash": "ea3f364f3108aac4ac248d55b4a4ae16",
    "packages": [],
    "packages-dev": [
        {
            "name": "laravel/pint",
            "version": "v1.32.1",
            "source": {
                "type": "git",
                "url": "https://github.com/laravel/pint.git",
                "reference": "006bd7825eb01daf92959d060b89cd9514fe4253"
            },
            "dist": {
                "type": "zip",
                "url": "https://api.github.com/repos/laravel/pint/zipball/006bd7825eb01daf92959d060b89cd9514fe4253",
                "reference": "006bd7825eb01daf92959d060b89cd9514fe4253",
                "shasum": ""
            },
            "require": {
                "ext-json": "*",
                "ext-mbstring": "*",
                "ext-tokenizer": "*",
                "ext-xml": "*",
                "php": "^8.3.0"
            },
            "require-dev": {
                "composer/semver": "^3.4.4",
                "friendsofphp/php-cs-fixer": "^3.95.25",
                "illuminate/view": "^13.31.0",
                "larastan/larastan": "^3.11.0",
                "laravel-zero/framework": "^13.0.0",
                "laravel/agent-detector": "^2.0.2",
                "laravel/prompts": "^0.3.24",
                "mockery/mockery": "^1.6.15",
                "nunomaduro/termwind": "^2.4.0",
                "pestphp/pest": "^4.7.8"
            },
            "bin": [
                "builds/pint"
            ],
            "type": "project",
            "autoload": {
                "psr-4": {
                    "App\\": "app/",
                    "Database\\Seeders\\": "database/seeders/",
                    "Database\\Factories\\": "database/factories/"
                }
            },
            "notification-url": "https://packagist.org/downloads/",
            "license": [
                "MIT"
            ],
            "authors": [
                {
                    "name": "Nuno Maduro",
                    "email": "enunomaduro@gmail.com"
                }
            ],
            "description": "An opinionated code formatter for PHP.",
            "homepage": "https://laravel.com",
            "keywords": [
                "dev",
                "format",
                "formatter",
                "lint",
                "linter",
                "php"
            ],
            "support": {
                "issues": "https://github.com/laravel/pint/issues",
                "source": "https://github.com/laravel/pint"
            },
            "time": "2026-09-10T10:47:55+00:00"
        }
    ],
    "aliases": [],
    "minimum-stability": "stable",
    "stability-flags": {},
    "prefer-stable": true,
    "prefer-lowest": false,
    "platform": {
        "php": "^8.4"
    },
    "platform-dev": {},
    "plugin-api-version": "2.9.0"
}
